
Microsoft Visual Studio Solution File, Format Version 12.00
# Visual Studio 15
VisualStudioVersion = 15.0.28307.1000
MinimumVisualStudioVersion = 10.0.40219.1
Project("{FAE04EC0-301F-11D3-BF4B-00C04F79EFBC}") = "DataBasic2017", "DataBasic2017\DataBasic2017.csproj", "{31A4E5B9-88C8-4D25-B340-DA93499E1123}"
EndProject
Global
	GlobalSection(SolutionConfigurationPlatforms) = preSolution
		Debug|Any CPU = Debug|Any CPU
		Release|Any CPU = Release|Any CPU
	EndGlobalSection
	GlobalSection(ProjectConfigurationPlatforms) = postSolution
		{31A4E5B9-88C8-4D25-B340-DA93499E1123}.Debug|Any CPU.ActiveCfg = Debug|Any CPU
		{31A4E5B9-88C8-4D25-B340-DA93499E1123}.Debug|Any CPU.Build.0 = Debug|Any CPU
		{31A4E5B9-88C8-4D25-B340-DA93499E1123}.Release|Any CPU.ActiveCfg = Release|Any CPU
		{31A4E5B9-88C8-4D25-B340-DA93499E1123}.Release|Any CPU.Build.0 = Release|Any CPU
	EndGlobalSection
	GlobalSection(SolutionProperties) = preSolution
		HideSolutionNode = FALSE
	EndGlobalSection
	GlobalSection(ExtensibilityGlobals) = postSolution
		SolutionGuid = {54CF8443-8E89-47DF-8CE3-2B4609F47F11}
	EndGlobalSection
EndGlobal
